
Microsoft Visual Studio Solution File, Format Version 12.00
Project("{FAE04EC0-301F-11D3-BF4B-00C04F79EFBC}") = "forTest", "forTest\forTest.csproj", "{C2D5B7D5-D955-4ED5-8DB9-71CFAAF7DF47}"
EndProject
Global
	GlobalSection(SolutionConfigurationPlatforms) = preSolution
		Debug|Any CPU = Debug|Any CPU
		Release|Any CPU = Release|Any CPU
	EndGlobalSection
	GlobalSection(ProjectConfigurationPlatforms) = postSolution
		{C2D5B7D5-D955-4ED5-8DB9-71CFAAF7DF47}.Debug|Any CPU.ActiveCfg = Debug|Any CPU
		{C2D5B7D5-D955-4ED5-8DB9-71CFAAF7DF47}.Debug|Any CPU.Build.0 = Debug|Any CPU
		{C2D5B7D5-D955-4ED5-8DB9-71CFAAF7DF47}.Release|Any CPU.ActiveCfg = Release|Any CPU
		{C2D5B7D5-D955-4ED5-8DB9-71CFAAF7DF47}.Release|Any CPU.Build.0 = Release|Any CPU
	EndGlobalSection
EndGlobal
